// !$*UTF8*$!
{
	archiveVersion = 1;
	classes = {
	};
	objectVersion = 50;
	objects = {

/* Begin PBXBuildFile section */
		ACC9D4192085F97C00B4F038 /* AppDelegate.m in Sources */ = {isa = PBXBuildFile; fileRef = ACC9D4182085F97C00B4F038 /* AppDelegate.m */; };
		ACC9D41C2085F97C00B4F038 /* ViewController.m in Sources */ = {isa = PBXBuildFile; fileRef = ACC9D41B2085F97C00B4F038 /* ViewController.m */; };
		ACC9D41F2085F97C00B4F038 /* Main.storyboard in Resources */ = {isa = PBXBuildFile; fileRef = ACC9D41D2085F97C00B4F038 /* Main.storyboard */; };
		ACC9D4212085F97D00B4F038 /* Assets.xcassets in Resources */ = {isa = PBXBuildFile; fileRef = ACC9D4202085F97D00B4F038 /* Assets.xcassets */; };
		ACC9D4242085F97D00B4F038 /* LaunchScreen.storyboard in Resources */ = {isa = PBXBuildFile; fileRef = ACC9D4222085F97D00B4F038 /* LaunchScreen.storyboard */; };
		ACC9D4272085F97D00B4F038 /* main.m in Sources */ = {isa = PBXBuildFile; fileRef = ACC9D4262085F97D00B4F038 /* main.m */; };
		ACC9D42F2085FB7900B4F038 /* ZJStateCodeModel.m in Sources */ = {isa = PBXBuildFile; fileRef = ACC9D42E2085FB7900B4F038 /* ZJStateCodeModel.m */; };
/* End PBXBuildFile section */

/* Begin PBXFileReference section */
		ACC9D4142085F97C00B4F038 /* ZJStateCodeModel.app */ = {isa = PBXFileReference; explicitFileType = wrapper.application; includeInIndex = 0; path = ZJStateCodeModel.app; sourceTree = BUILT_PRODUCTS_DIR; };
		ACC9D4172085F97C00B4F038 /* AppDelegate.h */ = {isa = PBXFileReference; lastKnownFileType = sourcecode.c.h; path = AppDelegate.h; sourceTree = "<group>"; };
		ACC9D4182085F97C00B4F038 /* AppDelegate.m */ = {isa = PBXFileReference; lastKnownFileType = sourcecode.c.objc; path = AppDelegate.m; sourceTree = "<group>"; };
		ACC9D41A2085F97C00B4F038 /* ViewController.h */ = {isa = PBXFileReference; lastKnownFileType = sourcecode.c.h; path = ViewController.h; sourceTree = "<group>"; };
		ACC9D41B2085F97C00B4F038 /* ViewController.m */ = {isa = PBXFileReference; lastKnownFileType = sourcecode.c.objc; path = ViewController.m; sourceTree = "<group>"; };
		ACC9D41E2085F97C00B4F038 /* Base */ = {isa = PBXFileReference; lastKnownFileType = file.storyboard; name = Base; path = Base.lproj/Main.storyboard; sourceTree = "<group>"; };
		ACC9D4202085F97D00B4F038 /* Assets.xcassets */ = {isa = PBXFileReference; lastKnownFileType = folder.assetcatalog; path = Assets.xcassets; sourceTree = "<group>"; };
		ACC9D4232085F97D00B4F038 /* Base */ = {isa = PBXFileReference; lastKnownFileType = file.storyboard; name = Base; path = Base.lproj/LaunchScreen.storyboard; sourceTree = "<group>"; };
		ACC9D4252085F97D00B4F038 /* Info.plist */ = {isa = PBXFileReference; lastKnownFileType = text.plist.xml; path = Info.plist; sourceTree = "<group>"; };
		ACC9D4262085F97D00B4F038 /* main.m */ = {isa = PBXFileReference; lastKnownFileType = sourcecode.c.objc; path = main.m; sourceTree = "<group>"; };
		ACC9D42D2085FB7900B4F038 /* ZJStateCodeModel.h */ = {isa = PBXFileReference; fileEncoding = 4; lastKnownFileType = sourcecode.c.h; path = ZJStateCodeModel.h; sourceTree = "<group>"; };
		ACC9D42E2085FB7900B4F038 /* ZJStateCodeModel.m */ = {isa = PBXFileReference; fileEncoding = 4; lastKnownFileType = sourcecode.c.objc; path = ZJStateCodeModel.m; sourceTree = "<group>"; };
/* End PBXFileReference section */

/* Begin PBXFrameworksBuildPhase section */
		ACC9D4112085F97C00B4F038 /* Frameworks */ = {
			isa = PBXFrameworksBuildPhase;
			buildActionMask = 2147483647;
			files = (
			);
			runOnlyForDeploymentPostprocessing = 0;
		};
/* End PBXFrameworksBuildPhase section */

/* Begin PBXGroup section */
		ACC9D40B2085F97C00B4F038 = {
			isa = PBXGroup;
			children = (
				ACC9D4162085F97C00B4F038 /* ZJStateCodeModel */,
				ACC9D4152085F97C00B4F038 /* Products */,
			);
			sourceTree = "<group>";
		};
		ACC9D4152085F97C00B4F038 /* Products */ = {
			isa = PBXGroup;
			children = (
				ACC9D4142085F97C00B4F038 /* ZJStateCodeModel.app */,
			);
			name = Products;
			sourceTree = "<group>";
		};
		ACC9D4162085F97C00B4F038 /* ZJStateCodeModel */ = {
			isa = PBXGroup;
			children = (
				ACC9D4172085F97C00B4F038 /* AppDelegate.h */,
				ACC9D4182085F97C00B4F038 /* AppDelegate.m */,
				ACC9D41A2085F97C00B4F038 /* ViewController.h */,
				ACC9D41B2085F97C00B4F038 /* ViewController.m */,
				ACC9D42D2085FB7900B4F038 /* ZJStateCodeModel.h */,
				ACC9D42E2085FB7900B4F038 /* ZJStateCodeModel.m */,
				ACC9D41D2085F97C00B4F038 /* Main.storyboard */,
				ACC9D4202085F97D00B4F038 /* Assets.xcassets */,
				ACC9D4222085F97D00B4F038 /* LaunchScreen.storyboard */,
				ACC9D4252085F97D00B4F038 /* Info.plist */,
				ACC9D4262085F97D00B4F038 /* main.m */,
			);
			path = ZJStateCodeModel;
			sourceTree = "<group>";
		};
/* End PBXGroup section */

/* Begin PBXNativeTarget section */
		ACC9D4132085F97C00B4F038 /* ZJStateCodeModel */ = {
			isa = PBXNativeTarget;
			buildConfigurationList = ACC9D42A2085F97D00B4F038 /* Build configuration list for PBXNativeTarget "ZJStateCodeModel" */;
			buildPhases = (
				ACC9D4102085F97C00B4F038 /* Sources */,
				ACC9D4112085F97C00B4F038 /* Frameworks */,
				ACC9D4122085F97C00B4F038 /* Resources */,
			);
			buildRules = (
			);
			dependencies = (
			);
			name = ZJStateCodeModel;
			productName = ZJStateCodeModel;
			productReference = ACC9D4142085F97C00B4F038 /* ZJStateCodeModel.app */;
			productType = "com.apple.product-type.application";
		};
/* End PBXNativeTarget section */

/* Begin PBXProject section */
		ACC9D40C2085F97C00B4F038 /* Project object */ = {
			isa = PBXProject;
			attributes = {
				LastUpgradeCheck = 0930;
				ORGANIZATIONNAME = zhenjin;
				TargetAttributes = {
					ACC9D4132085F97C00B4F038 = {
						CreatedOnToolsVersion = 9.3;
					};
				};
			};
			buildConfigurationList = ACC9D40F2085F97C00B4F038 /* Build configuration list for PBXProject "ZJStateCodeModel" */;
			compatibilityVersion = "Xcode 9.3";
			developmentRegion = en;
			hasScannedForEncodings = 0;
			knownRegions = (
				en,
				Base,
			);
			mainGroup = ACC9D40B2085F97C00B4F038;
			productRefGroup = ACC9D4152085F97C00B4F038 /* Products */;
			projectDirPath = "";
			projectRoot = "";
			targets = (
				ACC9D4132085F97C00B4F038 /* ZJStateCodeModel */,
			);
		};
/* End PBXProject section */

/* Begin PBXResourcesBuildPhase section */
		ACC9D4122085F97C00B4F038 /* Resources */ = {
			isa = PBXResourcesBuildPhase;
			buildActionMask = 2147483647;
			files = (
				ACC9D4242085F97D00B4F038 /* LaunchScreen.storyboard in Resources */,
				ACC9D4212085F97D00B4F038 /* Assets.xcassets in Resources */,
				ACC9D41F2085F97C00B4F038 /* Main.storyboard in Resources */,
			);
			runOnlyForDeploymentPostprocessing = 0;
		};
/* End PBXResourcesBuildPhase section */

/* Begin PBXSourcesBuildPhase section */
		ACC9D4102085F97C00B4F038 /* Sources */ = {
			isa = PBXSourcesBuildPhase;
			buildActionMask = 2147483647;
			files = (
				ACC9D41C2085F97C00B4F038 /* ViewController.m in Sources */,
				ACC9D4272085F97D00B4F038 /* main.m in Sources */,
				ACC9D4192085F97C00B4F038 /* AppDelegate.m in Sources */,
				ACC9D42F2085FB7900B4F038 /* ZJStateCodeModel.m in Sources */,
			);
			runOnlyForDeploymentPostprocessing = 0;
		};
/* End PBXSourcesBuildPhase section */

/* Begin PBXVariantGroup section */
		ACC9D41D2085F97C00B4F038 /* Main.storyboard */ = {
			isa = PBXVariantGroup;
			children = (
				ACC9D41E2085F97C00B4F038 /* Base */,
			);
			name = Main.storyboard;
			sourceTree = "<group>";
		};
		ACC9D4222085F97D00B4F038 /* LaunchScreen.storyboard */ = {
			isa = PBXVariantGroup;
			children = (
				ACC9D4232085F97D00B4F038 /* Base */,
			);
			name = LaunchScreen.storyboard;
			sourceTree = "<group>";
		};
/* End PBXVariantGroup section */

/* Begin XCBuildConfiguration section */
		ACC9D4282085F97D00B4F038 /* Debug */ = {
			isa = XCBuildConfiguration;
			buildSettings = {
				ALWAYS_SEARCH_USER_PATHS = NO;
				CLANG_ANALYZER_NONNULL = YES;
				CLANG_ANALYZER_NUMBER_OBJECT_CONVERSION = YES_AGGRESSIVE;
				CLANG_CXX_LANGUAGE_STANDARD = "gnu++14";
				CLANG_CXX_LIBRARY = "libc++";
				CLANG_ENABLE_MODULES = YES;
				CLANG_ENABLE_OBJC_ARC = YES;
				CLANG_ENABLE_OBJC_WEAK = YES;
				CLANG_WARN_BLOCK_CAPTURE_AUTORELEASING = YES;
				CLANG_WARN_BOOL_CONVERSION = YES;
				CLANG_WARN_COMMA = YES;
				CLANG_WARN_CONSTANT_CONVERSION = YES;
				CLANG_WARN_DEPRECATED_OBJC_IMPLEMENTATIONS = YES;
				CLANG_WARN_DIRECT_OBJC_ISA_USAGE = YES_ERROR;
				CLANG_WARN_DOCUMENTATION_COMMENTS = YES;
				CLANG_WARN_EMPTY_BODY = YES;
				CLANG_WARN_ENUM_CONVERSION = YES;
				CLANG_WARN_INFINITE_RECURSION = YES;
				CLANG_WARN_INT_CONVERSION = YES;
				CLANG_WARN_NON_LITERAL_NULL_CONVERSION = YES;
				CLANG_WARN_OBJC_IMPLICIT_RETAIN_SELF = YES;
				CLANG_WARN_OBJC_LITERAL_CONVERSION = YES;
				CLANG_WARN_OBJC_ROOT_CLASS = YES_ERROR;
				CLANG_WARN_RANGE_LOOP_ANALYSIS = YES;
				CLANG_WARN_STRICT_PROTOTYPES = YES;
				CLANG_WARN_SUSPICIOUS_MOVE = YES;
				CLANG_WARN_UNGUARDED_AVAILABILITY = YES_AGGRESSIVE;
				CLANG_WARN_UNREACHABLE_CODE = YES;
				CLANG_WARN__DUPLICATE_METHOD_MATCH = YES;
				CODE_SIGN_IDENTITY = "iPhone Developer";
				COPY_PHASE_STRIP = NO;
				DEBUG_INFORMATION_FORMAT = dwarf;
				ENABLE_STRICT_OBJC_MSGSEND = YES;
				ENABLE_TESTABILITY = YES;
				GCC_C_LANGUAGE_STANDARD = gnu11;
				GCC_DYNAMIC_NO_PIC = NO;
				GCC_NO_COMMON_BLOCKS = YES;
				GCC_OPTIMIZATION_LEVEL = 0;
				GCC_PREPROCESSOR_DEFINITIONS = (
					"DEBUG=1",
					"$(inherited)",
				);
				GCC_WARN_64_TO_32_BIT_CONVERSION = YES;
				GCC_WARN_ABOUT_RETURN_TYPE = YES_ERROR;
				GCC_WARN_UNDECLARED_SELECTOR = YES;
				GCC_WARN_UNINITIALIZED_AUTOS = YES_AGGRESSIVE;
				GCC_WARN_UNUSED_FUNCTION = YES;
				GCC_WARN_UNUSED_VARIABLE = YES;
				IPHONEOS_DEPLOYMENT_TARGET = 11.3;
				MTL_ENABLE_DEBUG_INFO = YES;
				ONLY_ACTIVE_ARCH = YES;
				SDKROOT = iphoneos;
			};
			name = Debug;
		};
		ACC9D4292085F97D00B4F038 /* Release */ = {
			isa = XCBuildConfiguration;
			buildSettings = {
				ALWAYS_SEARCH_USER_PATHS = NO;
				CLANG_ANALYZER_NONNULL = YES;
				CLANG_ANALYZER_NUMBER_OBJECT_CONVERSION = YES_AGGRESSIVE;
				CLANG_CXX_LANGUAGE_STANDARD = "gnu++14";
				CLANG_CXX_LIBRARY = "libc++";
				CLANG_ENABLE_MODULES = YES;
				CLANG_ENABLE_OBJC_ARC = YES;
				CLANG_ENABLE_OBJC_WEAK = YES;
				CLANG_WARN_BLOCK_CAPTURE_AUTORELEASING = YES;
				CLANG_WARN_BOOL_CONVERSION = YES;
				CLANG_WARN_COMMA = YES;
				CLANG_WARN_CONSTANT_CONVERSION = YES;
				CLANG_WARN_DEPRECATED_OBJC_IMPLEMENTATIONS = YES;
				CLANG_WARN_DIRECT_OBJC_ISA_USAGE = YES_ERROR;
				CLANG_WARN_DOCUMENTATION_COMMENTS = YES;
				CLANG_WARN_EMPTY_BODY = YES;
				CLANG_WARN_ENUM_CONVERSION = YES;
				CLANG_WARN_INFINITE_RECURSION = YES;
				CLANG_WARN_INT_CONVERSION = YES;
				CLANG_WARN_NON_LITERAL_NULL_CONVERSION = YES;
				CLANG_WARN_OBJC_IMPLICIT_RETAIN_SELF = YES;
				CLANG_WARN_OBJC_LITERAL_CONVERSION = YES;
				CLANG_WARN_OBJC_ROOT_CLASS = YES_ERROR;
				CLANG_WARN_RANGE_LOOP_ANALYSIS = YES;
				CLANG_WARN_STRICT_PROTOTYPES = YES;
				CLANG_WARN_SUSPICIOUS_MOVE = YES;
				CLANG_WARN_UNGUARDED_AVAILABILITY = YES_AGGRESSIVE;
				CLANG_WARN_UNREACHABLE_CODE = YES;
				CLANG_WARN__DUPLICATE_METHOD_MATCH = YES;
				CODE_SIGN_IDENTITY = "iPhone Developer";
				COPY_PHASE_STRIP = NO;
				DEBUG_INFORMATION_FORMAT = "dwarf-with-dsym";
				ENABLE_NS_ASSERTIONS = NO;
				ENABLE_STRICT_OBJC_MSGSEND = YES;
				GCC_C_LANGUAGE_STANDARD = gnu11;
				GCC_NO_COMMON_BLOCKS = YES;
				GCC_WARN_64_TO_32_BIT_CONVERSION = YES;
				GCC_WARN_ABOUT_RETURN_TYPE = YES_ERROR;
				GCC_WARN_UNDECLARED_SELECTOR = YES;
				GCC_WARN_UNINITIALIZED_AUTOS = YES_AGGRESSIVE;
				GCC_WARN_UNUSED_FUNCTION = YES;
				GCC_WARN_UNUSED_VARIABLE = YES;
				IPHONEOS_DEPLOYMENT_TARGET = 11.3;
				MTL_ENABLE_DEBUG_INFO = NO;
				SDKROOT = iphoneos;
				VALIDATE_PRODUCT = YES;
			};
			name = Release;
		};
		ACC9D42B2085F97D00B4F038 /* Debug */ = {
			isa = XCBuildConfiguration;
			buildSettings = {
				ASSETCATALOG_COMPILER_APPICON_NAME = AppIcon;
				CODE_SIGN_STYLE = Automatic;
				DEVELOPMENT_TEAM = 674PM27X7A;
				INFOPLIST_FILE = ZJStateCodeModel/Info.plist;
				LD_RUNPATH_SEARCH_PATHS = (
					"$(inherited)",
					"@executable_path/Frameworks",
				);
				PRODUCT_BUNDLE_IDENTIFIER = dsd.ZJStateCodeModel;
				PRODUCT_NAME = "$(TARGET_NAME)";
				TARGETED_DEVICE_FAMILY = "1,2";
			};
			name = Debug;
		};
		ACC9D42C2085F97D00B4F038 /* Release */ = {
			isa = XCBuildConfiguration;
			buildSettings = {
				ASSETCATALOG_COMPILER_APPICON_NAME = AppIcon;
				CODE_SIGN_STYLE = Automatic;
				DEVELOPMENT_TEAM = 674PM27X7A;
				INFOPLIST_FILE = ZJStateCodeModel/Info.plist;
				LD_RUNPATH_SEARCH_PATHS = (
					"$(inherited)",
					"@executable_path/Frameworks",
				);
				PRODUCT_BUNDLE_IDENTIFIER = dsd.ZJStateCodeModel;
				PRODUCT_NAME = "$(TARGET_NAME)";
				TARGETED_DEVICE_FAMILY = "1,2";
			};
			name = Release;
		};
/* End XCBuildConfiguration section */

/* Begin XCConfigurationList section */
		ACC9D40F2085F97C00B4F038 /* Build configuration list for PBXProject "ZJStateCodeModel" */ = {
			isa = XCConfigurationList;
			buildConfigurations = (
				ACC9D4282085F97D00B4F038 /* Debug */,
				ACC9D4292085F97D00B4F038 /* Release */,
			);
			defaultConfigurationIsVisible = 0;
			defaultConfigurationName = Release;
		};
		ACC9D42A2085F97D00B4F038 /* Build configuration list for PBXNativeTarget "ZJStateCodeModel" */ = {
			isa = XCConfigurationList;
			buildConfigurations = (
				ACC9D42B2085F97D00B4F038 /* Debug */,
				ACC9D42C2085F97D00B4F038 /* Release */,
			);
			defaultConfigurationIsVisible = 0;
			defaultConfigurationName = Release;
		};
/* End XCConfigurationList section */
	};
	rootObject = ACC9D40C2085F97C00B4F038 /* Project object */;
}
